// !$*UTF8*$!
{
	archiveVersion = 1;
	classes = {
	};
	objectVersion = 56;
	objects = {

/* Begin PBXBuildFile section */
		938592C92BEC7591002ACDBA /* assignment_ensembleApp.swift in Sources */ = {isa = PBXBuildFile; fileRef = 938592C82BEC7591002ACDBA /* assignment_ensembleApp.swift */; };
		938592CD2BEC7592002ACDBA /* Assets.xcassets in Resources */ = {isa = PBXBuildFile; fileRef = 938592CC2BEC7592002ACDBA /* Assets.xcassets */; };
		938592D02BEC7592002ACDBA /* Preview Assets.xcassets in Resources */ = {isa = PBXBuildFile; fileRef = 938592CF2BEC7592002ACDBA /* Preview Assets.xcassets */; };
		938592D82BEC75E2002ACDBA /* HttpMethod.swift in Sources */ = {isa = PBXBuildFile; fileRef = 938592D72BEC75E2002ACDBA /* HttpMethod.swift */; };
		938592DA2BEC75FC002ACDBA /* NetworkError.swift in Sources */ = {isa = PBXBuildFile; fileRef = 938592D92BEC75FC002ACDBA /* NetworkError.swift */; };
		938592DC2BEC7681002ACDBA /* Endpoint.swift in Sources */ = {isa = PBXBuildFile; fileRef = 938592DB2BEC7681002ACDBA /* Endpoint.swift */; };
		938592DE2BEC76C5002ACDBA /* Server.swift in Sources */ = {isa = PBXBuildFile; fileRef = 938592DD2BEC76C5002ACDBA /* Server.swift */; };
		938592E02BEC7849002ACDBA /* NetworkAdapter.swift in Sources */ = {isa = PBXBuildFile; fileRef = 938592DF2BEC7849002ACDBA /* NetworkAdapter.swift */; };
		938592E42BEC7A18002ACDBA /* MovieEndpoint.swift in Sources */ = {isa = PBXBuildFile; fileRef = 938592E32BEC7A18002ACDBA /* MovieEndpoint.swift */; };
		938592E72BEC7CCC002ACDBA /* SearchMovieViewModel.swift in Sources */ = {isa = PBXBuildFile; fileRef = 938592E62BEC7CCC002ACDBA /* SearchMovieViewModel.swift */; };
		938592EA2BEC7D81002ACDBA /* SearchMovieAdapter.swift in Sources */ = {isa = PBXBuildFile; fileRef = 938592E92BEC7D81002ACDBA /* SearchMovieAdapter.swift */; };
		938592ED2BEC7DD0002ACDBA /* SearchedMovie.swift in Sources */ = {isa = PBXBuildFile; fileRef = 938592EC2BEC7DD0002ACDBA /* SearchedMovie.swift */; };
		938592F02BEC8278002ACDBA /* ErrorDisplayable.swift in Sources */ = {isa = PBXBuildFile; fileRef = 938592EF2BEC8278002ACDBA /* ErrorDisplayable.swift */; };
		93E4D9952BECAA7200A978A2 /* ResultStateViewBuilder.swift in Sources */ = {isa = PBXBuildFile; fileRef = 93E4D9942BECAA7200A978A2 /* ResultStateViewBuilder.swift */; };
		93E4D9972BECAAFF00A978A2 /* ResultState.swift in Sources */ = {isa = PBXBuildFile; fileRef = 93E4D9962BECAAFF00A978A2 /* ResultState.swift */; };
		93E4D9992BECAED400A978A2 /* StandardViews.swift in Sources */ = {isa = PBXBuildFile; fileRef = 93E4D9982BECAED400A978A2 /* StandardViews.swift */; };
		93E4D99B2BECB6A800A978A2 /* MovieView.swift in Sources */ = {isa = PBXBuildFile; fileRef = 93E4D99A2BECB6A800A978A2 /* MovieView.swift */; };
		93E4D99D2BED3C9000A978A2 /* MovieDisplayable.swift in Sources */ = {isa = PBXBuildFile; fileRef = 93E4D99C2BED3C9000A978A2 /* MovieDisplayable.swift */; };
		93E4D9A12BEDD25D00A978A2 /* MovieItem.swift in Sources */ = {isa = PBXBuildFile; fileRef = 93E4D9A02BEDD25D00A978A2 /* MovieItem.swift */; };
/* End PBXBuildFile section */

/* Begin PBXFileReference section */
		938592C52BEC7591002ACDBA /* assignment_ensemble.app */ = {isa = PBXFileReference; explicitFileType = wrapper.application; includeInIndex = 0; path = assignment_ensemble.app; sourceTree = BUILT_PRODUCTS_DIR; };
		938592C82BEC7591002ACDBA /* assignment_ensembleApp.swift */ = {isa = PBXFileReference; lastKnownFileType = sourcecode.swift; path = assignment_ensembleApp.swift; sourceTree = "<group>"; };
		938592CC2BEC7592002ACDBA /* Assets.xcassets */ = {isa = PBXFileReference; lastKnownFileType = folder.assetcatalog; path = Assets.xcassets; sourceTree = "<group>"; };
		938592CF2BEC7592002ACDBA /* Preview Assets.xcassets */ = {isa = PBXFileReference; lastKnownFileType = folder.assetcatalog; path = "Preview Assets.xcassets"; sourceTree = "<group>"; };
		938592D72BEC75E2002ACDBA /* HttpMethod.swift */ = {isa = PBXFileReference; lastKnownFileType = sourcecode.swift; path = HttpMethod.swift; sourceTree = "<group>"; };
		938592D92BEC75FC002ACDBA /* NetworkError.swift */ = {isa = PBXFileReference; lastKnownFileType = sourcecode.swift; path = NetworkError.swift; sourceTree = "<group>"; };
		938592DB2BEC7681002ACDBA /* Endpoint.swift */ = {isa = PBXFileReference; lastKnownFileType = sourcecode.swift; path = Endpoint.swift; sourceTree = "<group>"; };
		938592DD2BEC76C5002ACDBA /* Server.swift */ = {isa = PBXFileReference; lastKnownFileType = sourcecode.swift; path = Server.swift; sourceTree = "<group>"; };
		938592DF2BEC7849002ACDBA /* NetworkAdapter.swift */ = {isa = PBXFileReference; lastKnownFileType = sourcecode.swift; path = NetworkAdapter.swift; sourceTree = "<group>"; };
		938592E32BEC7A18002ACDBA /* MovieEndpoint.swift */ = {isa = PBXFileReference; lastKnownFileType = sourcecode.swift; path = MovieEndpoint.swift; sourceTree = "<group>"; };
		938592E62BEC7CCC002ACDBA /* SearchMovieViewModel.swift */ = {isa = PBXFileReference; lastKnownFileType = sourcecode.swift; path = SearchMovieViewModel.swift; sourceTree = "<group>"; };
		938592E92BEC7D81002ACDBA /* SearchMovieAdapter.swift */ = {isa = PBXFileReference; lastKnownFileType = sourcecode.swift; path = SearchMovieAdapter.swift; sourceTree = "<group>"; };
		938592EC2BEC7DD0002ACDBA /* SearchedMovie.swift */ = {isa = PBXFileReference; lastKnownFileType = sourcecode.swift; path = SearchedMovie.swift; sourceTree = "<group>"; };
		938592EF2BEC8278002ACDBA /* ErrorDisplayable.swift */ = {isa = PBXFileReference; lastKnownFileType = sourcecode.swift; path = ErrorDisplayable.swift; sourceTree = "<group>"; };
		93E4D9942BECAA7200A978A2 /* ResultStateViewBuilder.swift */ = {isa = PBXFileReference; lastKnownFileType = sourcecode.swift; path = ResultStateViewBuilder.swift; sourceTree = "<group>"; };
		93E4D9962BECAAFF00A978A2 /* ResultState.swift */ = {isa = PBXFileReference; lastKnownFileType = sourcecode.swift; path = ResultState.swift; sourceTree = "<group>"; };
		93E4D9982BECAED400A978A2 /* StandardViews.swift */ = {isa = PBXFileReference; lastKnownFileType = sourcecode.swift; path = StandardViews.swift; sourceTree = "<group>"; };
		93E4D99A2BECB6A800A978A2 /* MovieView.swift */ = {isa = PBXFileReference; lastKnownFileType = sourcecode.swift; path = MovieView.swift; sourceTree = "<group>"; };
		93E4D99C2BED3C9000A978A2 /* MovieDisplayable.swift */ = {isa = PBXFileReference; lastKnownFileType = sourcecode.swift; path = MovieDisplayable.swift; sourceTree = "<group>"; };
		93E4D9A02BEDD25D00A978A2 /* MovieItem.swift */ = {isa = PBXFileReference; lastKnownFileType = sourcecode.swift; path = MovieItem.swift; sourceTree = "<group>"; };
/* End PBXFileReference section */

/* Begin PBXFrameworksBuildPhase section */
		938592C22BEC7591002ACDBA /* Frameworks */ = {
			isa = PBXFrameworksBuildPhase;
			buildActionMask = 2147483647;
			files = (
			);
			runOnlyForDeploymentPostprocessing = 0;
		};
/* End PBXFrameworksBuildPhase section */

/* Begin PBXGroup section */
		938592BC2BEC7591002ACDBA = {
			isa = PBXGroup;
			children = (
				938592C72BEC7591002ACDBA /* assignment_ensemble */,
				938592C62BEC7591002ACDBA /* Products */,
			);
			sourceTree = "<group>";
		};
		938592C62BEC7591002ACDBA /* Products */ = {
			isa = PBXGroup;
			children = (
				938592C52BEC7591002ACDBA /* assignment_ensemble.app */,
			);
			name = Products;
			sourceTree = "<group>";
		};
		938592C72BEC7591002ACDBA /* assignment_ensemble */ = {
			isa = PBXGroup;
			children = (
				938592D62BEC7598002ACDBA /* Network */,
				938592E12BEC79DC002ACDBA /* Adapter */,
				938592E22BEC79F9002ACDBA /* Endpoints */,
				938592EE2BEC8268002ACDBA /* Utils */,
				938592EB2BEC7DB9002ACDBA /* Model */,
				938592E52BEC7CA1002ACDBA /* SearchMovie */,
				938592C82BEC7591002ACDBA /* assignment_ensembleApp.swift */,
				938592CC2BEC7592002ACDBA /* Assets.xcassets */,
				938592CE2BEC7592002ACDBA /* Preview Content */,
			);
			path = assignment_ensemble;
			sourceTree = "<group>";
		};
		938592CE2BEC7592002ACDBA /* Preview Content */ = {
			isa = PBXGroup;
			children = (
				938592CF2BEC7592002ACDBA /* Preview Assets.xcassets */,
			);
			path = "Preview Content";
			sourceTree = "<group>";
		};
		938592D62BEC7598002ACDBA /* Network */ = {
			isa = PBXGroup;
			children = (
				938592D72BEC75E2002ACDBA /* HttpMethod.swift */,
				938592D92BEC75FC002ACDBA /* NetworkError.swift */,
				938592DB2BEC7681002ACDBA /* Endpoint.swift */,
				938592DD2BEC76C5002ACDBA /* Server.swift */,
				938592DF2BEC7849002ACDBA /* NetworkAdapter.swift */,
			);
			path = Network;
			sourceTree = "<group>";
		};
		938592E12BEC79DC002ACDBA /* Adapter */ = {
			isa = PBXGroup;
			children = (
				938592E92BEC7D81002ACDBA /* SearchMovieAdapter.swift */,
			);
			path = Adapter;
			sourceTree = "<group>";
		};
		938592E22BEC79F9002ACDBA /* Endpoints */ = {
			isa = PBXGroup;
			children = (
				938592E32BEC7A18002ACDBA /* MovieEndpoint.swift */,
			);
			path = Endpoints;
			sourceTree = "<group>";
		};
		938592E52BEC7CA1002ACDBA /* SearchMovie */ = {
			isa = PBXGroup;
			children = (
				938592E62BEC7CCC002ACDBA /* SearchMovieViewModel.swift */,
				93E4D99A2BECB6A800A978A2 /* MovieView.swift */,
				93E4D9A02BEDD25D00A978A2 /* MovieItem.swift */,
				93E4D99C2BED3C9000A978A2 /* MovieDisplayable.swift */,
			);
			path = SearchMovie;
			sourceTree = "<group>";
		};
		938592EB2BEC7DB9002ACDBA /* Model */ = {
			isa = PBXGroup;
			children = (
				938592EC2BEC7DD0002ACDBA /* SearchedMovie.swift */,
			);
			path = Model;
			sourceTree = "<group>";
		};
		938592EE2BEC8268002ACDBA /* Utils */ = {
			isa = PBXGroup;
			children = (
				938592EF2BEC8278002ACDBA /* ErrorDisplayable.swift */,
				93E4D9942BECAA7200A978A2 /* ResultStateViewBuilder.swift */,
				93E4D9962BECAAFF00A978A2 /* ResultState.swift */,
				93E4D9982BECAED400A978A2 /* StandardViews.swift */,
			);
			path = Utils;
			sourceTree = "<group>";
		};
/* End PBXGroup section */

/* Begin PBXNativeTarget section */
		938592C42BEC7591002ACDBA /* assignment_ensemble */ = {
			isa = PBXNativeTarget;
			buildConfigurationList = 938592D32BEC7592002ACDBA /* Build configuration list for PBXNativeTarget "assignment_ensemble" */;
			buildPhases = (
				938592C12BEC7591002ACDBA /* Sources */,
				938592C22BEC7591002ACDBA /* Frameworks */,
				938592C32BEC7591002ACDBA /* Resources */,
			);
			buildRules = (
			);
			dependencies = (
			);
			name = assignment_ensemble;
			productName = assignment_ensemble;
			productReference = 938592C52BEC7591002ACDBA /* assignment_ensemble.app */;
			productType = "com.apple.product-type.application";
		};
/* End PBXNativeTarget section */

/* Begin PBXProject section */
		938592BD2BEC7591002ACDBA /* Project object */ = {
			isa = PBXProject;
			attributes = {
				BuildIndependentTargetsInParallel = 1;
				LastSwiftUpdateCheck = 1530;
				LastUpgradeCheck = 1530;
				TargetAttributes = {
					938592C42BEC7591002ACDBA = {
						CreatedOnToolsVersion = 15.3;
					};
				};
			};
			buildConfigurationList = 938592C02BEC7591002ACDBA /* Build configuration list for PBXProject "assignment_ensemble" */;
			compatibilityVersion = "Xcode 14.0";
			developmentRegion = en;
			hasScannedForEncodings = 0;
			knownRegions = (
				en,
				Base,
			);
			mainGroup = 938592BC2BEC7591002ACDBA;
			productRefGroup = 938592C62BEC7591002ACDBA /* Products */;
			projectDirPath = "";
			projectRoot = "";
			targets = (
				938592C42BEC7591002ACDBA /* assignment_ensemble */,
			);
		};
/* End PBXProject section */

/* Begin PBXResourcesBuildPhase section */
		938592C32BEC7591002ACDBA /* Resources */ = {
			isa = PBXResourcesBuildPhase;
			buildActionMask = 2147483647;
			files = (
				938592D02BEC7592002ACDBA /* Preview Assets.xcassets in Resources */,
				938592CD2BEC7592002ACDBA /* Assets.xcassets in Resources */,
			);
			runOnlyForDeploymentPostprocessing = 0;
		};
/* End PBXResourcesBuildPhase section */

/* Begin PBXSourcesBuildPhase section */
		938592C12BEC7591002ACDBA /* Sources */ = {
			isa = PBXSourcesBuildPhase;
			buildActionMask = 2147483647;
			files = (
				93E4D9972BECAAFF00A978A2 /* ResultState.swift in Sources */,
				938592EA2BEC7D81002ACDBA /* SearchMovieAdapter.swift in Sources */,
				938592E02BEC7849002ACDBA /* NetworkAdapter.swift in Sources */,
				93E4D99D2BED3C9000A978A2 /* MovieDisplayable.swift in Sources */,
				93E4D9992BECAED400A978A2 /* StandardViews.swift in Sources */,
				93E4D99B2BECB6A800A978A2 /* MovieView.swift in Sources */,
				938592DA2BEC75FC002ACDBA /* NetworkError.swift in Sources */,
				938592E42BEC7A18002ACDBA /* MovieEndpoint.swift in Sources */,
				938592F02BEC8278002ACDBA /* ErrorDisplayable.swift in Sources */,
				938592D82BEC75E2002ACDBA /* HttpMethod.swift in Sources */,
				93E4D9A12BEDD25D00A978A2 /* MovieItem.swift in Sources */,
				93E4D9952BECAA7200A978A2 /* ResultStateViewBuilder.swift in Sources */,
				938592C92BEC7591002ACDBA /* assignment_ensembleApp.swift in Sources */,
				938592DE2BEC76C5002ACDBA /* Server.swift in Sources */,
				938592E72BEC7CCC002ACDBA /* SearchMovieViewModel.swift in Sources */,
				938592ED2BEC7DD0002ACDBA /* SearchedMovie.swift in Sources */,
				938592DC2BEC7681002ACDBA /* Endpoint.swift in Sources */,
			);
			runOnlyForDeploymentPostprocessing = 0;
		};
/* End PBXSourcesBuildPhase section */

/* Begin XCBuildConfiguration section */
		938592D12BEC7592002ACDBA /* Debug */ = {
			isa = XCBuildConfiguration;
			buildSettings = {
				ALWAYS_SEARCH_USER_PATHS = NO;
				ASSETCATALOG_COMPILER_GENERATE_SWIFT_ASSET_SYMBOL_EXTENSIONS = YES;
				CLANG_ANALYZER_NONNULL = YES;
				CLANG_ANALYZER_NUMBER_OBJECT_CONVERSION = YES_AGGRESSIVE;
				CLANG_CXX_LANGUAGE_STANDARD = "gnu++20";
				CLANG_ENABLE_MODULES = YES;
				CLANG_ENABLE_OBJC_ARC = YES;
				CLANG_ENABLE_OBJC_WEAK = YES;
				CLANG_WARN_BLOCK_CAPTURE_AUTORELEASING = YES;
				CLANG_WARN_BOOL_CONVERSION = YES;
				CLANG_WARN_COMMA = YES;
				CLANG_WARN_CONSTANT_CONVERSION = YES;
				CLANG_WARN_DEPRECATED_OBJC_IMPLEMENTATIONS = YES;
				CLANG_WARN_DIRECT_OBJC_ISA_USAGE = YES_ERROR;
				CLANG_WARN_DOCUMENTATION_COMMENTS = YES;
				CLANG_WARN_EMPTY_BODY = YES;
				CLANG_WARN_ENUM_CONVERSION = YES;
				CLANG_WARN_INFINITE_RECURSION = YES;
				CLANG_WARN_INT_CONVERSION = YES;
				CLANG_WARN_NON_LITERAL_NULL_CONVERSION = YES;
				CLANG_WARN_OBJC_IMPLICIT_RETAIN_SELF = YES;
				CLANG_WARN_OBJC_LITERAL_CONVERSION = YES;
				CLANG_WARN_OBJC_ROOT_CLASS = YES_ERROR;
				CLANG_WARN_QUOTED_INCLUDE_IN_FRAMEWORK_HEADER = YES;
				CLANG_WARN_RANGE_LOOP_ANALYSIS = YES;
				CLANG_WARN_STRICT_PROTOTYPES = YES;
				CLANG_WARN_SUSPICIOUS_MOVE = YES;
				CLANG_WARN_UNGUARDED_AVAILABILITY = YES_AGGRESSIVE;
				CLANG_WARN_UNREACHABLE_CODE = YES;
				CLANG_WARN__DUPLICATE_METHOD_MATCH = YES;
				COPY_PHASE_STRIP = NO;
				DEBUG_INFORMATION_FORMAT = dwarf;
				ENABLE_STRICT_OBJC_MSGSEND = YES;
				ENABLE_TESTABILITY = YES;
				ENABLE_USER_SCRIPT_SANDBOXING = YES;
				GCC_C_LANGUAGE_STANDARD = gnu17;
				GCC_DYNAMIC_NO_PIC = NO;
				GCC_NO_COMMON_BLOCKS = YES;
				GCC_OPTIMIZATION_LEVEL = 0;
				GCC_PREPROCESSOR_DEFINITIONS = (
					"DEBUG=1",
					"$(inherited)",
				);
				GCC_WARN_64_TO_32_BIT_CONVERSION = YES;
				GCC_WARN_ABOUT_RETURN_TYPE = YES_ERROR;
				GCC_WARN_UNDECLARED_SELECTOR = YES;
				GCC_WARN_UNINITIALIZED_AUTOS = YES_AGGRESSIVE;
				GCC_WARN_UNUSED_FUNCTION = YES;
				GCC_WARN_UNUSED_VARIABLE = YES;
				IPHONEOS_DEPLOYMENT_TARGET = 17.4;
				LOCALIZATION_PREFERS_STRING_CATALOGS = YES;
				MTL_ENABLE_DEBUG_INFO = INCLUDE_SOURCE;
				MTL_FAST_MATH = YES;
				ONLY_ACTIVE_ARCH = YES;
				SDKROOT = iphoneos;
				SWIFT_ACTIVE_COMPILATION_CONDITIONS = "DEBUG $(inherited)";
				SWIFT_OPTIMIZATION_LEVEL = "-Onone";
			};
			name = Debug;
		};
		938592D22BEC7592002ACDBA /* Release */ = {
			isa = XCBuildConfiguration;
			buildSettings = {
				ALWAYS_SEARCH_USER_PATHS = NO;
				ASSETCATALOG_COMPILER_GENERATE_SWIFT_ASSET_SYMBOL_EXTENSIONS = YES;
				CLANG_ANALYZER_NONNULL = YES;
				CLANG_ANALYZER_NUMBER_OBJECT_CONVERSION = YES_AGGRESSIVE;
				CLANG_CXX_LANGUAGE_STANDARD = "gnu++20";
				CLANG_ENABLE_MODULES = YES;
				CLANG_ENABLE_OBJC_ARC = YES;
				CLANG_ENABLE_OBJC_WEAK = YES;
				CLANG_WARN_BLOCK_CAPTURE_AUTORELEASING = YES;
				CLANG_WARN_BOOL_CONVERSION = YES;
				CLANG_WARN_COMMA = YES;
				CLANG_WARN_CONSTANT_CONVERSION = YES;
				CLANG_WARN_DEPRECATED_OBJC_IMPLEMENTATIONS = YES;
				CLANG_WARN_DIRECT_OBJC_ISA_USAGE = YES_ERROR;
				CLANG_WARN_DOCUMENTATION_COMMENTS = YES;
				CLANG_WARN_EMPTY_BODY = YES;
				CLANG_WARN_ENUM_CONVERSION = YES;
				CLANG_WARN_INFINITE_RECURSION = YES;
				CLANG_WARN_INT_CONVERSION = YES;
				CLANG_WARN_NON_LITERAL_NULL_CONVERSION = YES;
				CLANG_WARN_OBJC_IMPLICIT_RETAIN_SELF = YES;
				CLANG_WARN_OBJC_LITERAL_CONVERSION = YES;
				CLANG_WARN_OBJC_ROOT_CLASS = YES_ERROR;
				CLANG_WARN_QUOTED_INCLUDE_IN_FRAMEWORK_HEADER = YES;
				CLANG_WARN_RANGE_LOOP_ANALYSIS = YES;
				CLANG_WARN_STRICT_PROTOTYPES = YES;
				CLANG_WARN_SUSPICIOUS_MOVE = YES;
				CLANG_WARN_UNGUARDED_AVAILABILITY = YES_AGGRESSIVE;
				CLANG_WARN_UNREACHABLE_CODE = YES;
				CLANG_WARN__DUPLICATE_METHOD_MATCH = YES;
				COPY_PHASE_STRIP = NO;
				DEBUG_INFORMATION_FORMAT = "dwarf-with-dsym";
				ENABLE_NS_ASSERTIONS = NO;
				ENABLE_STRICT_OBJC_MSGSEND = YES;
				ENABLE_USER_SCRIPT_SANDBOXING = YES;
				GCC_C_LANGUAGE_STANDARD = gnu17;
				GCC_NO_COMMON_BLOCKS = YES;
				GCC_WARN_64_TO_32_BIT_CONVERSION = YES;
				GCC_WARN_ABOUT_RETURN_TYPE = YES_ERROR;
				GCC_WARN_UNDECLARED_SELECTOR = YES;
				GCC_WARN_UNINITIALIZED_AUTOS = YES_AGGRESSIVE;
				GCC_WARN_UNUSED_FUNCTION = YES;
				GCC_WARN_UNUSED_VARIABLE = YES;
				IPHONEOS_DEPLOYMENT_TARGET = 17.4;
				LOCALIZATION_PREFERS_STRING_CATALOGS = YES;
				MTL_ENABLE_DEBUG_INFO = NO;
				MTL_FAST_MATH = YES;
				SDKROOT = iphoneos;
				SWIFT_COMPILATION_MODE = wholemodule;
				VALIDATE_PRODUCT = YES;
			};
			name = Release;
		};
		938592D42BEC7592002ACDBA /* Debug */ = {
			isa = XCBuildConfiguration;
			buildSettings = {
				ASSETCATALOG_COMPILER_APPICON_NAME = AppIcon;
				ASSETCATALOG_COMPILER_GLOBAL_ACCENT_COLOR_NAME = AccentColor;
				CODE_SIGN_STYLE = Automatic;
				CURRENT_PROJECT_VERSION = 1;
				DEVELOPMENT_ASSET_PATHS = "\"assignment_ensemble/Preview Content\"";
				DEVELOPMENT_TEAM = 4NKP3X4J95;
				ENABLE_PREVIEWS = YES;
				ENABLE_USER_SCRIPT_SANDBOXING = NO;
				GENERATE_INFOPLIST_FILE = YES;
				INFOPLIST_KEY_UIApplicationSceneManifest_Generation = YES;
				INFOPLIST_KEY_UIApplicationSupportsIndirectInputEvents = YES;
				INFOPLIST_KEY_UILaunchScreen_Generation = YES;
				INFOPLIST_KEY_UISupportedInterfaceOrientations_iPad = "UIInterfaceOrientationPortrait UIInterfaceOrientationPortraitUpsideDown UIInterfaceOrientationLandscapeLeft UIInterfaceOrientationLandscapeRight";
				INFOPLIST_KEY_UISupportedInterfaceOrientations_iPhone = "UIInterfaceOrientationPortrait UIInterfaceOrientationLandscapeLeft UIInterfaceOrientationLandscapeRight";
				LD_RUNPATH_SEARCH_PATHS = (
					"$(inherited)",
					"@executable_path/Frameworks",
				);
				MARKETING_VERSION = 1.0;
				PRODUCT_BUNDLE_IDENTIFIER = "com.rj.assignment-ensemble";
				PRODUCT_NAME = "$(TARGET_NAME)";
				SWIFT_EMIT_LOC_STRINGS = YES;
				SWIFT_VERSION = 5.0;
				TARGETED_DEVICE_FAMILY = "1,2";
			};
			name = Debug;
		};
		938592D52BEC7592002ACDBA /* Release */ = {
			isa = XCBuildConfiguration;
			buildSettings = {
				ASSETCATALOG_COMPILER_APPICON_NAME = AppIcon;
				ASSETCATALOG_COMPILER_GLOBAL_ACCENT_COLOR_NAME = AccentColor;
				CODE_SIGN_STYLE = Automatic;
				CURRENT_PROJECT_VERSION = 1;
				DEVELOPMENT_ASSET_PATHS = "\"assignment_ensemble/Preview Content\"";
				DEVELOPMENT_TEAM = 4NKP3X4J95;
				ENABLE_PREVIEWS = YES;
				ENABLE_USER_SCRIPT_SANDBOXING = NO;
				GENERATE_INFOPLIST_FILE = YES;
				INFOPLIST_KEY_UIApplicationSceneManifest_Generation = YES;
				INFOPLIST_KEY_UIApplicationSupportsIndirectInputEvents = YES;
				INFOPLIST_KEY_UILaunchScreen_Generation = YES;
				INFOPLIST_KEY_UISupportedInterfaceOrientations_iPad = "UIInterfaceOrientationPortrait UIInterfaceOrientationPortraitUpsideDown UIInterfaceOrientationLandscapeLeft UIInterfaceOrientationLandscapeRight";
				INFOPLIST_KEY_UISupportedInterfaceOrientations_iPhone = "UIInterfaceOrientationPortrait UIInterfaceOrientationLandscapeLeft UIInterfaceOrientationLandscapeRight";
				LD_RUNPATH_SEARCH_PATHS = (
					"$(inherited)",
					"@executable_path/Frameworks",
				);
				MARKETING_VERSION = 1.0;
				PRODUCT_BUNDLE_IDENTIFIER = "com.rj.assignment-ensemble";
				PRODUCT_NAME = "$(TARGET_NAME)";
				SWIFT_EMIT_LOC_STRINGS = YES;
				SWIFT_VERSION = 5.0;
				TARGETED_DEVICE_FAMILY = "1,2";
			};
			name = Release;
		};
/* End XCBuildConfiguration section */

/* Begin XCConfigurationList section */
		938592C02BEC7591002ACDBA /* Build configuration list for PBXProject "assignment_ensemble" */ = {
			isa = XCConfigurationList;
			buildConfigurations = (
				938592D12BEC7592002ACDBA /* Debug */,
				938592D22BEC7592002ACDBA /* Release */,
			);
			defaultConfigurationIsVisible = 0;
			defaultConfigurationName = Release;
		};
		938592D32BEC7592002ACDBA /* Build configuration list for PBXNativeTarget "assignment_ensemble" */ = {
			isa = XCConfigurationList;
			buildConfigurations = (
				938592D42BEC7592002ACDBA /* Debug */,
				938592D52BEC7592002ACDBA /* Release */,
			);
			defaultConfigurationIsVisible = 0;
			defaultConfigurationName = Release;
		};
/* End XCConfigurationList section */
	};
	rootObject = 938592BD2BEC7591002ACDBA /* Project object */;
}
